PODS:
  - Flutter (1.0.0)
  - geolocator_apple (1.2.0):
    - Flutter
  - google_maps_flutter (0.0.1):
    - Flutter
    - GoogleMaps
  - GoogleMaps (6.1.1):
    - GoogleMaps/Maps (= 6.1.1)
  - GoogleMaps/Base (6.1.1)
  - GoogleMaps/Maps (6.1.1):
    - GoogleMaps/Base
  - map_location_picker (0.0.1):
    - Flutter
  - package_info (0.0.1):
    - Flutter
  - permission_handler_apple (9.0.4):
    - Flutter

DEPENDENCIES:
  - Flutter (from `Flutter`)
  - geolocator_apple (from `.symlinks/plugins/geolocator_apple/ios`)
  - google_maps_flutter (from `.symlinks/plugins/google_maps_flutter/ios`)
  - map_location_picker (from `.symlinks/plugins/map_location_picker/ios`)
  - package_info (from `.symlinks/plugins/package_info/ios`)
  - permission_handler_apple (from `.symlinks/plugins/permission_handler_apple/ios`)

SPEC REPOS:
  trunk:
    - GoogleMaps

EXTERNAL SOURCES:
  Flutter:
    :path: Flutter
  geolocator_apple:
    :path: ".symlinks/plugins/geolocator_apple/ios"
  google_maps_flutter:
    :path: ".symlinks/plugins/google_maps_flutter/ios"
  map_location_picker:
    :path: ".symlinks/plugins/map_location_picker/ios"
  package_info:
    :path: ".symlinks/plugins/package_info/ios"
  permission_handler_apple:
    :path: ".symlinks/plugins/permission_handler_apple/ios"

SPEC CHECKSUMS:
  Flutter: 50d75fe2f02b26cc09d224853bb45737f8b3214a
  geolocator_apple: cc556e6844d508c95df1e87e3ea6fa4e58c50401
  google_maps_flutter: c59fc576c0d0c7f4dc4bd63832c862d22d5a7c6d
  GoogleMaps: 94e6e0851beece6678af9f508f4918b7a7c61722
  map_location_picker: e4638439d91afadab15a8131652ebc2ef619ff5f
  package_info: 873975fc26034f0b863a300ad47e7f1ac6c7ec62
  permission_handler_apple: 44366e37eaf29454a1e7b1b7d736c2cceaeb17ce

PODFILE CHECKSUM: d16a5a4f95e1157a028f5122a79cb5288aad5172

COCOAPODS: 1.11.3
